
Microsoft Visual Studio Solution File, Format Version 12.00
# Visual Studio 15
VisualStudioVersion = 15.0.27703.2026
MinimumVisualStudioVersion = 10.0.40219.1
Project("{9A19103F-16F7-4668-BE54-9A1E7A4F7556}") = "Utils", "Utils\Utils.csproj", "{7C23831E-A861-4301-953D-EE96C437672F}"
EndProject
Project("{FAE04EC0-301F-11D3-BF4B-00C04F79EFBC}") = "Utils.Tests", "Utils.Tests\Utils.Tests.csproj", "{D7200F33-7149-4532-922B-E90CE310C8A8}"
EndProject
Global
	GlobalSection(SolutionConfigurationPlatforms) = preSolution
		Debug|Any CPU = Debug|Any CPU
		Release|Any CPU = Release|Any CPU
	EndGlobalSection
	GlobalSection(ProjectConfigurationPlatforms) = postSolution
		{7C23831E-A861-4301-953D-EE96C437672F}.Debug|Any CPU.ActiveCfg = Debug|Any CPU
		{7C23831E-A861-4301-953D-EE96C437672F}.Debug|Any CPU.Build.0 = Debug|Any CPU
		{7C23831E-A861-4301-953D-EE96C437672F}.Release|Any CPU.ActiveCfg = Release|Any CPU
		{7C23831E-A861-4301-953D-EE96C437672F}.Release|Any CPU.Build.0 = Release|Any CPU
		{D7200F33-7149-4532-922B-E90CE310C8A8}.Debug|Any CPU.ActiveCfg = Debug|Any CPU
		{D7200F33-7149-4532-922B-E90CE310C8A8}.Debug|Any CPU.Build.0 = Debug|Any CPU
		{D7200F33-7149-4532-922B-E90CE310C8A8}.Release|Any CPU.ActiveCfg = Release|Any CPU
		{D7200F33-7149-4532-922B-E90CE310C8A8}.Release|Any CPU.Build.0 = Release|Any CPU
	EndGlobalSection
	GlobalSection(SolutionProperties) = preSolution
		HideSolutionNode = FALSE
	EndGlobalSection
	GlobalSection(ExtensibilityGlobals) = postSolution
		SolutionGuid = {5C42C8F6-8609-430D-8BC8-E0581437250F}
	EndGlobalSection
EndGlobal
